%{"libcluster": {:hex, :libcluster, "2.2.2", "9082bdd1179b82721e44f2fea635c316252f5f7ebbeaef082213e7998f0ab5d0", [:mix], [{:poison, "~> 3.0", [hex: :poison, repo: "hexpm", optional: false]}], "hexpm"},
  "poison": {:hex, :poison, "3.1.0", "d9eb636610e096f86f25d9a46f35a9facac35609a7591b3be3326e99a0484665", [:mix], [], "hexpm"}}
